# THIS IS AN AUTOGENERATED FILE. DO NOT EDIT THIS FILE DIRECTLY.
# yarn lockfile v1


"@types/node@^17.0.36":
  version "17.0.36"
  resolved "https://registry.yarnpkg.com/@types/node/-/node-17.0.36.tgz#c0d5f2fe76b47b63e0e0efc3d2049a9970d68794"
  integrity sha512-V3orv+ggDsWVHP99K3JlwtH20R7J4IhI1Kksgc+64q5VxgfRkQG8Ws3MFm/FZOKDYGy9feGFlZ70/HpCNe9QaA==

typescript@^4.7.2:
  version "4.7.2"
  resolved "https://registry.yarnpkg.com/typescript/-/typescript-4.7.2.tgz#1f9aa2ceb9af87cca227813b4310fff0b51593c4"
  integrity sha512-Mamb1iX2FDUpcTRzltPxgWMKy3fhg0TN378ylbktPGPK/99KbDtMQ4W1hwgsbPAsG3a0xKa1vmw4VKZQbkvz5A==
